
Microsoft Visual Studio Solution File, Format Version 12.00
# Visual Studio Version 16
VisualStudioVersion = 16.0.32802.440
MinimumVisualStudioVersion = 10.0.40219.1
Project("{159641D6-6404-4A2A-AE62-294DE0FE8301}") = "Ejercicio1", "Ejercicio1\Ejercicio1.dtproj", "{F6A9C959-93B3-4362-93CD-1B0C2D7DDEED}"
EndProject
Global
	GlobalSection(SolutionConfigurationPlatforms) = preSolution
		Development|Default = Development|Default
	EndGlobalSection
	GlobalSection(ProjectConfigurationPlatforms) = postSolution
		{F6A9C959-93B3-4362-93CD-1B0C2D7DDEED}.Development|Default.ActiveCfg = Development
		{F6A9C959-93B3-4362-93CD-1B0C2D7DDEED}.Development|Default.Build.0 = Development
	EndGlobalSection
	GlobalSection(SolutionProperties) = preSolution
		HideSolutionNode = FALSE
	EndGlobalSection
	GlobalSection(ExtensibilityGlobals) = postSolution
		SolutionGuid = {B463CE94-C4EF-48DD-B210-17DC9DE348C3}
	EndGlobalSection
EndGlobal
