
Microsoft Visual Studio Solution File, Format Version 12.00
# Visual Studio Version 16
VisualStudioVersion = 16.0.32802.440
MinimumVisualStudioVersion = 10.0.40219.1
Project("{159641D6-6404-4A2A-AE62-294DE0FE8301}") = "Ejercicio2_SSIS", "Ejercicio2_SSIS\Ejercicio2_SSIS.dtproj", "{80C45786-3FBC-416C-91DB-D07E4C57EE39}"
EndProject
Global
	GlobalSection(SolutionConfigurationPlatforms) = preSolution
		Development|Default = Development|Default
	EndGlobalSection
	GlobalSection(ProjectConfigurationPlatforms) = postSolution
		{80C45786-3FBC-416C-91DB-D07E4C57EE39}.Development|Default.ActiveCfg = Development
		{80C45786-3FBC-416C-91DB-D07E4C57EE39}.Development|Default.Build.0 = Development
	EndGlobalSection
	GlobalSection(SolutionProperties) = preSolution
		HideSolutionNode = FALSE
	EndGlobalSection
	GlobalSection(ExtensibilityGlobals) = postSolution
		SolutionGuid = {332F9944-CD7F-43F3-AD48-1119DF216B26}
	EndGlobalSection
EndGlobal
